{
    "name": "ircc-ds",
    "version": "0.0.1",
    "lockfileVersion": 2,
    "requires": true,
    "packages": {
        "": {
            "name": "ircc-ds",
            "version": "0.0.1",
            "hasInstallScript": true
        },
        "projects/ircc-ds-angular-component-library": {
            "extraneous": true
        }
    }
}
